
Microsoft Visual Studio Solution File, Format Version 12.00
# Visual Studio Version 17
VisualStudioVersion = 17.6.33829.357
MinimumVisualStudioVersion = 10.0.40219.1
Project("{FAE04EC0-301F-11D3-BF4B-00C04F79EFBC}") = "CoreMVC WebApplication", "CoreMVC WebApplication\CoreMVC WebApplication.csproj", "{252A5E0C-8E32-41B8-8972-C55EAC530FA5}"
EndProject
Global
	GlobalSection(SolutionConfigurationPlatforms) = preSolution
		Debug|Any CPU = Debug|Any CPU
		Release|Any CPU = Release|Any CPU
	EndGlobalSection
	GlobalSection(ProjectConfigurationPlatforms) = postSolution
		{252A5E0C-8E32-41B8-8972-C55EAC530FA5}.Debug|Any CPU.ActiveCfg = Debug|Any CPU
		{252A5E0C-8E32-41B8-8972-C55EAC530FA5}.Debug|Any CPU.Build.0 = Debug|Any CPU
		{252A5E0C-8E32-41B8-8972-C55EAC530FA5}.Release|Any CPU.ActiveCfg = Release|Any CPU
		{252A5E0C-8E32-41B8-8972-C55EAC530FA5}.Release|Any CPU.Build.0 = Release|Any CPU
	EndGlobalSection
	GlobalSection(SolutionProperties) = preSolution
		HideSolutionNode = FALSE
	EndGlobalSection
	GlobalSection(ExtensibilityGlobals) = postSolution
		SolutionGuid = {70E07156-1947-41FF-9802-4238A439D764}
	EndGlobalSection
EndGlobal
